
Microsoft Visual Studio Solution File, Format Version 12.00
# Visual Studio Version 17
VisualStudioVersion = 17.0.32014.148
MinimumVisualStudioVersion = 10.0.40219.1
Project("{9A19103F-16F7-4668-BE54-9A1E7A4F7556}") = "DicewareGenerator", "DicewareGenerator\DicewareGenerator.csproj", "{5912D816-7C78-4F9B-B952-AA24A8793024}"
EndProject
Project("{FAE04EC0-301F-11D3-BF4B-00C04F79EFBC}") = "DicewareGeneratorTest", "DicewareGeneratorTest\DicewareGeneratorTest.csproj", "{F2495064-9328-4817-9DEC-51CFDA599447}"
EndProject
Global
	GlobalSection(SolutionConfigurationPlatforms) = preSolution
		Debug|Any CPU = Debug|Any CPU
		Release|Any CPU = Release|Any CPU
	EndGlobalSection
	GlobalSection(ProjectConfigurationPlatforms) = postSolution
		{5912D816-7C78-4F9B-B952-AA24A8793024}.Debug|Any CPU.ActiveCfg = Debug|Any CPU
		{5912D816-7C78-4F9B-B952-AA24A8793024}.Debug|Any CPU.Build.0 = Debug|Any CPU
		{5912D816-7C78-4F9B-B952-AA24A8793024}.Release|Any CPU.ActiveCfg = Release|Any CPU
		{5912D816-7C78-4F9B-B952-AA24A8793024}.Release|Any CPU.Build.0 = Release|Any CPU
		{F2495064-9328-4817-9DEC-51CFDA599447}.Debug|Any CPU.ActiveCfg = Debug|Any CPU
		{F2495064-9328-4817-9DEC-51CFDA599447}.Debug|Any CPU.Build.0 = Debug|Any CPU
		{F2495064-9328-4817-9DEC-51CFDA599447}.Release|Any CPU.ActiveCfg = Release|Any CPU
		{F2495064-9328-4817-9DEC-51CFDA599447}.Release|Any CPU.Build.0 = Release|Any CPU
	EndGlobalSection
	GlobalSection(SolutionProperties) = preSolution
		HideSolutionNode = FALSE
	EndGlobalSection
	GlobalSection(ExtensibilityGlobals) = postSolution
		SolutionGuid = {33E25F5E-442D-4BDD-A829-1E252000D7BE}
	EndGlobalSection
EndGlobal
